<?xml version="1.0" encoding="utf-8"?>
<Project ToolsVersion="4.0" xmlns="http://schemas.microsoft.com/developer/msbuild/2003">
  <ItemGroup>
    <Filter Include="源文件">
      <UniqueIdentifier>{4FC737F1-C7A5-4376-A066-2A32D752A2FF}</UniqueIdentifier>
      <Extensions>cpp;c;cc;cxx;def;odl;idl;hpj;bat;asm;asmx</Extensions>
    </Filter>
    <Filter Include="头文件">
      <UniqueIdentifier>{93995380-89BD-4b04-88EB-625FBE52EBFB}</UniqueIdentifier>
      <Extensions>h;hh;hpp;hxx;hm;inl;inc;ipp;xsd</Extensions>
    </Filter>
    <Filter Include="资源文件">
      <UniqueIdentifier>{67DA6AB6-F800-4c08-8B7A-83BB121AAD01}</UniqueIdentifier>
      <Extensions>rc;ico;cur;bmp;dlg;rc2;rct;bin;rgs;gif;jpg;jpeg;jpe;resx;tiff;tif;png;wav;mfcribbon-ms</Extensions>
    </Filter>
  </ItemGroup>
  <ItemGroup>
    <ClCompile Include="..\..\..\external\spine-cpp\spine-cpp\src\spine\Animation.cpp">
      <Filter>源文件</Filter>
    </ClCompile>
    <ClCompile Include="..\..\..\external\spine-cpp\spine-cpp\src\spine\AnimationState.cpp">
      <Filter>源文件</Filter>
    </ClCompile>
    <ClCompile Include="..\..\..\external\spine-cpp\spine-cpp\src\spine\AnimationStateData.cpp">
      <Filter>源文件</Filter>
    </ClCompile>
    <ClCompile Include="..\..\..\external\spine-cpp\spine-cpp\src\spine\Atlas.cpp">
      <Filter>源文件</Filter>
    </ClCompile>
    <ClCompile Include="..\..\..\external\spine-cpp\spine-cpp\src\spine\AtlasAttachmentLoader.cpp">
      <Filter>源文件</Filter>
    </ClCompile>
    <ClCompile Include="..\..\..\external\spine-cpp\spine-cpp\src\spine\Attachment.cpp">
      <Filter>源文件</Filter>
    </ClCompile>
    <ClCompile Include="..\..\..\external\spine-cpp\spine-cpp\src\spine\AttachmentLoader.cpp">
      <Filter>源文件</Filter>
    </ClCompile>
    <ClCompile Include="..\..\..\external\spine-cpp\spine-cpp\src\spine\AttachmentTimeline.cpp">
      <Filter>源文件</Filter>
    </ClCompile>
    <ClCompile Include="..\..\..\external\spine-cpp\spine-cpp\src\spine\Bone.cpp">
      <Filter>源文件</Filter>
    </ClCompile>
    <ClCompile Include="..\..\..\external\spine-cpp\spine-cpp\src\spine\BoneData.cpp">
      <Filter>源文件</Filter>
    </ClCompile>
    <ClCompile Include="..\..\..\external\spine-cpp\spine-cpp\src\spine\BoundingBoxAttachment.cpp">
      <Filter>源文件</Filter>
    </ClCompile>
    <ClCompile Include="..\..\..\external\spine-cpp\spine-cpp\src\spine\ClippingAttachment.cpp">
      <Filter>源文件</Filter>
    </ClCompile>
    <ClCompile Include="..\..\..\external\spine-cpp\spine-cpp\src\spine\ColorTimeline.cpp">
      <Filter>源文件</Filter>
    </ClCompile>
    <ClCompile Include="..\..\..\external\spine-cpp\spine-cpp\src\spine\ConstraintData.cpp">
      <Filter>源文件</Filter>
    </ClCompile>
    <ClCompile Include="..\..\..\external\spine-cpp\spine-cpp\src\spine\CurveTimeline.cpp">
      <Filter>源文件</Filter>
    </ClCompile>
    <ClCompile Include="..\..\..\external\spine-cpp\spine-cpp\src\spine\DeformTimeline.cpp">
      <Filter>源文件</Filter>
    </ClCompile>
    <ClCompile Include="..\..\..\external\spine-cpp\spine-cpp\src\spine\DrawOrderTimeline.cpp">
      <Filter>源文件</Filter>
    </ClCompile>
    <ClCompile Include="..\..\..\external\spine-cpp\spine-cpp\src\spine\Event.cpp">
      <Filter>源文件</Filter>
    </ClCompile>
    <ClCompile Include="..\..\..\external\spine-cpp\spine-cpp\src\spine\EventData.cpp">
      <Filter>源文件</Filter>
    </ClCompile>
    <ClCompile Include="..\..\..\external\spine-cpp\spine-cpp\src\spine\EventTimeline.cpp">
      <Filter>源文件</Filter>
    </ClCompile>
    <ClCompile Include="..\..\..\external\spine-cpp\spine-cpp\src\spine\IkConstraint.cpp">
      <Filter>源文件</Filter>
    </ClCompile>
    <ClCompile Include="..\..\..\external\spine-cpp\spine-cpp\src\spine\IkConstraintData.cpp">
      <Filter>源文件</Filter>
    </ClCompile>
    <ClCompile Include="..\..\..\external\spine-cpp\spine-cpp\src\spine\IkConstraintTimeline.cpp">
      <Filter>源文件</Filter>
    </ClCompile>
    <ClCompile Include="..\..\..\external\spine-cpp\spine-cpp\src\spine\Json.cpp">
      <Filter>源文件</Filter>
    </ClCompile>
    <ClCompile Include="..\..\..\external\spine-cpp\spine-cpp\src\spine\LinkedMesh.cpp">
      <Filter>源文件</Filter>
    </ClCompile>
    <ClCompile Include="..\..\..\external\spine-cpp\spine-cpp\src\spine\Log.cpp">
      <Filter>源文件</Filter>
    </ClCompile>
    <ClCompile Include="..\..\..\external\spine-cpp\spine-cpp\src\spine\MathUtil.cpp">
      <Filter>源文件</Filter>
    </ClCompile>
    <ClCompile Include="..\..\..\external\spine-cpp\spine-cpp\src\spine\MeshAttachment.cpp">
      <Filter>源文件</Filter>
    </ClCompile>
    <ClCompile Include="..\..\..\external\spine-cpp\spine-cpp\src\spine\PathAttachment.cpp">
      <Filter>源文件</Filter>
    </ClCompile>
    <ClCompile Include="..\..\..\external\spine-cpp\spine-cpp\src\spine\PathConstraint.cpp">
      <Filter>源文件</Filter>
    </ClCompile>
    <ClCompile Include="..\..\..\external\spine-cpp\spine-cpp\src\spine\PathConstraintData.cpp">
      <Filter>源文件</Filter>
    </ClCompile>
    <ClCompile Include="..\..\..\external\spine-cpp\spine-cpp\src\spine\PathConstraintMixTimeline.cpp">
      <Filter>源文件</Filter>
    </ClCompile>
    <ClCompile Include="..\..\..\external\spine-cpp\spine-cpp\src\spine\PathConstraintPositionTimeline.cpp">
      <Filter>源文件</Filter>
    </ClCompile>
    <ClCompile Include="..\..\..\external\spine-cpp\spine-cpp\src\spine\PathConstraintSpacingTimeline.cpp">
      <Filter>源文件</Filter>
    </ClCompile>
    <ClCompile Include="..\..\..\external\spine-cpp\spine-cpp\src\spine\PointAttachment.cpp">
      <Filter>源文件</Filter>
    </ClCompile>
    <ClCompile Include="..\..\..\external\spine-cpp\spine-cpp\src\spine\RegionAttachment.cpp">
      <Filter>源文件</Filter>
    </ClCompile>
    <ClCompile Include="..\..\..\external\spine-cpp\spine-cpp\src\spine\RotateTimeline.cpp">
      <Filter>源文件</Filter>
    </ClCompile>
    <ClCompile Include="..\..\..\external\spine-cpp\spine-cpp\src\spine\RTTI.cpp">
      <Filter>源文件</Filter>
    </ClCompile>
    <ClCompile Include="..\..\..\external\spine-cpp\spine-cpp\src\spine\ScaleTimeline.cpp">
      <Filter>源文件</Filter>
    </ClCompile>
    <ClCompile Include="..\..\..\external\spine-cpp\spine-cpp\src\spine\ShearTimeline.cpp">
      <Filter>源文件</Filter>
    </ClCompile>
    <ClCompile Include="..\..\..\external\spine-cpp\spine-cpp\src\spine\Skeleton.cpp">
      <Filter>源文件</Filter>
    </ClCompile>
    <ClCompile Include="..\..\..\external\spine-cpp\spine-cpp\src\spine\SkeletonBinary.cpp">
      <Filter>源文件</Filter>
    </ClCompile>
    <ClCompile Include="..\..\..\external\spine-cpp\spine-cpp\src\spine\SkeletonBounds.cpp">
      <Filter>源文件</Filter>
    </ClCompile>
    <ClCompile Include="..\..\..\external\spine-cpp\spine-cpp\src\spine\SkeletonClipping.cpp">
      <Filter>源文件</Filter>
    </ClCompile>
    <ClCompile Include="..\..\..\external\spine-cpp\spine-cpp\src\spine\SkeletonData.cpp">
      <Filter>源文件</Filter>
    </ClCompile>
    <ClCompile Include="..\..\..\external\spine-cpp\spine-cpp\src\spine\SkeletonJson.cpp">
      <Filter>源文件</Filter>
    </ClCompile>
    <ClCompile Include="..\..\..\external\spine-cpp\spine-cpp\src\spine\Skin.cpp">
      <Filter>源文件</Filter>
    </ClCompile>
    <ClCompile Include="..\..\..\external\spine-cpp\spine-cpp\src\spine\Slot.cpp">
      <Filter>源文件</Filter>
    </ClCompile>
    <ClCompile Include="..\..\..\external\spine-cpp\spine-cpp\src\spine\SlotData.cpp">
      <Filter>源文件</Filter>
    </ClCompile>
    <ClCompile Include="..\..\..\external\spine-cpp\spine-cpp\src\spine\SpineObject.cpp">
      <Filter>源文件</Filter>
    </ClCompile>
    <ClCompile Include="..\..\..\external\spine-cpp\spine-cpp\src\spine\TextureLoader.cpp">
      <Filter>源文件</Filter>
    </ClCompile>
    <ClCompile Include="..\..\..\external\spine-cpp\spine-cpp\src\spine\Timeline.cpp">
      <Filter>源文件</Filter>
    </ClCompile>
    <ClCompile Include="..\..\..\external\spine-cpp\spine-cpp\src\spine\TransformConstraint.cpp">
      <Filter>源文件</Filter>
    </ClCompile>
    <ClCompile Include="..\..\..\external\spine-cpp\spine-cpp\src\spine\TransformConstraintData.cpp">
      <Filter>源文件</Filter>
    </ClCompile>
    <ClCompile Include="..\..\..\external\spine-cpp\spine-cpp\src\spine\TransformConstraintTimeline.cpp">
      <Filter>源文件</Filter>
    </ClCompile>
    <ClCompile Include="..\..\..\external\spine-cpp\spine-cpp\src\spine\TranslateTimeline.cpp">
      <Filter>源文件</Filter>
    </ClCompile>
    <ClCompile Include="..\..\..\external\spine-cpp\spine-cpp\src\spine\Triangulator.cpp">
      <Filter>源文件</Filter>
    </ClCompile>
    <ClCompile Include="..\..\..\external\spine-cpp\spine-cpp\src\spine\Updatable.cpp">
      <Filter>源文件</Filter>
    </ClCompile>
    <ClCompile Include="..\..\..\external\spine-cpp\spine-cpp\src\spine\VertexAttachment.cpp">
      <Filter>源文件</Filter>
    </ClCompile>
    <ClCompile Include="..\..\..\external\spine-cpp\spine-cpp\src\spine\VertexEffect.cpp">
      <Filter>源文件</Filter>
    </ClCompile>
  </ItemGroup>
</Project>